// !$*UTF8*$!
{
	archiveVersion = 1;
	classes = {
	};
	objectVersion = 51;
	objects = {

/* Begin PBXBuildFile section */
		660D36942445D283006C9CEF /* SearchPageController.swift in Sources */ = {isa = PBXBuildFile; fileRef = 660D36932445D283006C9CEF /* SearchPageController.swift */; };
		660D36972445DA18006C9CEF /* SearchResultCell.swift in Sources */ = {isa = PBXBuildFile; fileRef = 660D36962445DA18006C9CEF /* SearchResultCell.swift */; };
		660D369B2445FEB1006C9CEF /* VerticalStackView.swift in Sources */ = {isa = PBXBuildFile; fileRef = 660D369A2445FEB1006C9CEF /* VerticalStackView.swift */; };
		660D36A12447226C006C9CEF /* Service.swift in Sources */ = {isa = PBXBuildFile; fileRef = 660D36A02447226C006C9CEF /* Service.swift */; };
		660D7270244A298300F82EFC /* AppsGroup.swift in Sources */ = {isa = PBXBuildFile; fileRef = 660D726F244A298300F82EFC /* AppsGroup.swift */; };
		6616D9D62445C33F00CB7C41 /* AppDelegate.swift in Sources */ = {isa = PBXBuildFile; fileRef = 6616D9D52445C33F00CB7C41 /* AppDelegate.swift */; };
		6616D9D82445C33F00CB7C41 /* SceneDelegate.swift in Sources */ = {isa = PBXBuildFile; fileRef = 6616D9D72445C33F00CB7C41 /* SceneDelegate.swift */; };
		6616D9DF2445C34000CB7C41 /* Assets.xcassets in Resources */ = {isa = PBXBuildFile; fileRef = 6616D9DE2445C34000CB7C41 /* Assets.xcassets */; };
		6616D9E22445C34000CB7C41 /* LaunchScreen.storyboard in Resources */ = {isa = PBXBuildFile; fileRef = 6616D9E02445C34000CB7C41 /* LaunchScreen.storyboard */; };
		6616D9EA2445C3B400CB7C41 /* BaseTabBarController.swift in Sources */ = {isa = PBXBuildFile; fileRef = 6616D9E92445C3B400CB7C41 /* BaseTabBarController.swift */; };
		661B8D73244B459200D4C6F3 /* GoogleSans-Regular.ttf in Resources */ = {isa = PBXBuildFile; fileRef = 661B8D72244B459200D4C6F3 /* GoogleSans-Regular.ttf */; };
		662E403324DBEE2C00C70C0B /* AlamofireNetworkRequest.swift in Sources */ = {isa = PBXBuildFile; fileRef = 662E403224DBEE2C00C70C0B /* AlamofireNetworkRequest.swift */; };
		662E403524DBFFEE00C70C0B /* SocialApp.swift in Sources */ = {isa = PBXBuildFile; fileRef = 662E403424DBFFEE00C70C0B /* SocialApp.swift */; };
		664C06E62448780700EE5D0E /* AppsPageController.swift in Sources */ = {isa = PBXBuildFile; fileRef = 664C06E52448780700EE5D0E /* AppsPageController.swift */; };
		664C06EA24487E5300EE5D0E /* AppsGroupCell.swift in Sources */ = {isa = PBXBuildFile; fileRef = 664C06E924487E5300EE5D0E /* AppsGroupCell.swift */; };
		664C06EC244882FE00EE5D0E /* AppsHorizontalController.swift in Sources */ = {isa = PBXBuildFile; fileRef = 664C06EB244882FE00EE5D0E /* AppsHorizontalController.swift */; };
		664C06EE2448921B00EE5D0E /* AppsHorizontalCell.swift in Sources */ = {isa = PBXBuildFile; fileRef = 664C06ED2448921B00EE5D0E /* AppsHorizontalCell.swift */; };
		664C06F02448A29500EE5D0E /* AppsPageHeader.swift in Sources */ = {isa = PBXBuildFile; fileRef = 664C06EF2448A29500EE5D0E /* AppsPageHeader.swift */; };
		664C06F62448ABE300EE5D0E /* AppsHeaderCell.swift in Sources */ = {isa = PBXBuildFile; fileRef = 664C06F52448ABE300EE5D0E /* AppsHeaderCell.swift */; };
		666F317024499D490073E2F7 /* Extensions.swift in Sources */ = {isa = PBXBuildFile; fileRef = 666F316F24499D490073E2F7 /* Extensions.swift */; };
		6689C84D24DADD1300728DB9 /* SearchResult.swift in Sources */ = {isa = PBXBuildFile; fileRef = 6689C84C24DADD1300728DB9 /* SearchResult.swift */; };
		6689C84F24DADF2D00728DB9 /* AppsHeaderHorizontalController.swift in Sources */ = {isa = PBXBuildFile; fileRef = 6689C84E24DADF2D00728DB9 /* AppsHeaderHorizontalController.swift */; };
		66E779C7244F0EF100117F12 /* HorizontalSnappingController.swift in Sources */ = {isa = PBXBuildFile; fileRef = 66E779C6244F0EF100117F12 /* HorizontalSnappingController.swift */; };
		66EFF76E244F60D00028B008 /* AppsDetailController.swift in Sources */ = {isa = PBXBuildFile; fileRef = 66EFF76D244F60D00028B008 /* AppsDetailController.swift */; };
		E5ADAC7F173165C81DABA597 /* Pods_AppStoreJSONApi.framework in Frameworks */ = {isa = PBXBuildFile; fileRef = E6F69CC2C3875A9BB1027929 /* Pods_AppStoreJSONApi.framework */; };
/* End PBXBuildFile section */

/* Begin PBXFileReference section */
		3A80367CB84B4703EB5A1F2B /* Pods-AppStoreJSONApi.release.xcconfig */ = {isa = PBXFileReference; includeInIndex = 1; lastKnownFileType = text.xcconfig; name = "Pods-AppStoreJSONApi.release.xcconfig"; path = "Target Support Files/Pods-AppStoreJSONApi/Pods-AppStoreJSONApi.release.xcconfig"; sourceTree = "<group>"; };
		660D36932445D283006C9CEF /* SearchPageController.swift */ = {isa = PBXFileReference; lastKnownFileType = sourcecode.swift; path = SearchPageController.swift; sourceTree = "<group>"; };
		660D36962445DA18006C9CEF /* SearchResultCell.swift */ = {isa = PBXFileReference; lastKnownFileType = sourcecode.swift; path = SearchResultCell.swift; sourceTree = "<group>"; };
		660D369A2445FEB1006C9CEF /* VerticalStackView.swift */ = {isa = PBXFileReference; lastKnownFileType = sourcecode.swift; path = VerticalStackView.swift; sourceTree = "<group>"; };
		660D36A02447226C006C9CEF /* Service.swift */ = {isa = PBXFileReference; lastKnownFileType = sourcecode.swift; path = Service.swift; sourceTree = "<group>"; };
		660D726F244A298300F82EFC /* AppsGroup.swift */ = {isa = PBXFileReference; lastKnownFileType = sourcecode.swift; path = AppsGroup.swift; sourceTree = "<group>"; };
		6616D9D22445C33F00CB7C41 /* AppStoreJSONApi.app */ = {isa = PBXFileReference; explicitFileType = wrapper.application; includeInIndex = 0; path = AppStoreJSONApi.app; sourceTree = BUILT_PRODUCTS_DIR; };
		6616D9D52445C33F00CB7C41 /* AppDelegate.swift */ = {isa = PBXFileReference; lastKnownFileType = sourcecode.swift; path = AppDelegate.swift; sourceTree = "<group>"; };
		6616D9D72445C33F00CB7C41 /* SceneDelegate.swift */ = {isa = PBXFileReference; lastKnownFileType = sourcecode.swift; path = SceneDelegate.swift; sourceTree = "<group>"; };
		6616D9DE2445C34000CB7C41 /* Assets.xcassets */ = {isa = PBXFileReference; lastKnownFileType = folder.assetcatalog; path = Assets.xcassets; sourceTree = "<group>"; };
		6616D9E12445C34000CB7C41 /* Base */ = {isa = PBXFileReference; lastKnownFileType = file.storyboard; name = Base; path = Base.lproj/LaunchScreen.storyboard; sourceTree = "<group>"; };
		6616D9E32445C34000CB7C41 /* Info.plist */ = {isa = PBXFileReference; lastKnownFileType = text.plist.xml; path = Info.plist; sourceTree = "<group>"; };
		6616D9E92445C3B400CB7C41 /* BaseTabBarController.swift */ = {isa = PBXFileReference; lastKnownFileType = sourcecode.swift; path = BaseTabBarController.swift; sourceTree = "<group>"; };
		661B8D72244B459200D4C6F3 /* GoogleSans-Regular.ttf */ = {isa = PBXFileReference; lastKnownFileType = file; path = "GoogleSans-Regular.ttf"; sourceTree = "<group>"; };
		662E403224DBEE2C00C70C0B /* AlamofireNetworkRequest.swift */ = {isa = PBXFileReference; lastKnownFileType = sourcecode.swift; path = AlamofireNetworkRequest.swift; sourceTree = "<group>"; };
		662E403424DBFFEE00C70C0B /* SocialApp.swift */ = {isa = PBXFileReference; lastKnownFileType = sourcecode.swift; path = SocialApp.swift; sourceTree = "<group>"; };
		664C06E52448780700EE5D0E /* AppsPageController.swift */ = {isa = PBXFileReference; lastKnownFileType = sourcecode.swift; path = AppsPageController.swift; sourceTree = "<group>"; };
		664C06E924487E5300EE5D0E /* AppsGroupCell.swift */ = {isa = PBXFileReference; lastKnownFileType = sourcecode.swift; path = AppsGroupCell.swift; sourceTree = "<group>"; };
		664C06EB244882FE00EE5D0E /* AppsHorizontalController.swift */ = {isa = PBXFileReference; lastKnownFileType = sourcecode.swift; path = AppsHorizontalController.swift; sourceTree = "<group>"; };
		664C06ED2448921B00EE5D0E /* AppsHorizontalCell.swift */ = {isa = PBXFileReference; lastKnownFileType = sourcecode.swift; path = AppsHorizontalCell.swift; sourceTree = "<group>"; };
		664C06EF2448A29500EE5D0E /* AppsPageHeader.swift */ = {isa = PBXFileReference; lastKnownFileType = sourcecode.swift; path = AppsPageHeader.swift; sourceTree = "<group>"; };
		664C06F52448ABE300EE5D0E /* AppsHeaderCell.swift */ = {isa = PBXFileReference; lastKnownFileType = sourcecode.swift; path = AppsHeaderCell.swift; sourceTree = "<group>"; };
		666F316F24499D490073E2F7 /* Extensions.swift */ = {isa = PBXFileReference; lastKnownFileType = sourcecode.swift; path = Extensions.swift; sourceTree = "<group>"; };
		6689C84C24DADD1300728DB9 /* SearchResult.swift */ = {isa = PBXFileReference; lastKnownFileType = sourcecode.swift; path = SearchResult.swift; sourceTree = "<group>"; };
		6689C84E24DADF2D00728DB9 /* AppsHeaderHorizontalController.swift */ = {isa = PBXFileReference; lastKnownFileType = sourcecode.swift; path = AppsHeaderHorizontalController.swift; sourceTree = "<group>"; };
		66E779C6244F0EF100117F12 /* HorizontalSnappingController.swift */ = {isa = PBXFileReference; lastKnownFileType = sourcecode.swift; path = HorizontalSnappingController.swift; sourceTree = "<group>"; };
		66EFF76D244F60D00028B008 /* AppsDetailController.swift */ = {isa = PBXFileReference; lastKnownFileType = sourcecode.swift; path = AppsDetailController.swift; sourceTree = "<group>"; };
		AC550B40EA375E4954F7EA32 /* Pods-AppStoreJSONApi.debug.xcconfig */ = {isa = PBXFileReference; includeInIndex = 1; lastKnownFileType = text.xcconfig; name = "Pods-AppStoreJSONApi.debug.xcconfig"; path = "Target Support Files/Pods-AppStoreJSONApi/Pods-AppStoreJSONApi.debug.xcconfig"; sourceTree = "<group>"; };
		E6F69CC2C3875A9BB1027929 /* Pods_AppStoreJSONApi.framework */ = {isa = PBXFileReference; explicitFileType = wrapper.framework; includeInIndex = 0; path = Pods_AppStoreJSONApi.framework; sourceTree = BUILT_PRODUCTS_DIR; };
/* End PBXFileReference section */

/* Begin PBXFrameworksBuildPhase section */
		6616D9CF2445C33F00CB7C41 /* Frameworks */ = {
			isa = PBXFrameworksBuildPhase;
			buildActionMask = 2147483647;
			files = (
				E5ADAC7F173165C81DABA597 /* Pods_AppStoreJSONApi.framework in Frameworks */,
			);
			runOnlyForDeploymentPostprocessing = 0;
		};
/* End PBXFrameworksBuildPhase section */

/* Begin PBXGroup section */
		660D36922445D23F006C9CEF /* Controllers */ = {
			isa = PBXGroup;
			children = (
				664C06E22448779000EE5D0E /* Apps */,
				66C16A5C2448773D00208D55 /* Search */,
				6616D9E92445C3B400CB7C41 /* BaseTabBarController.swift */,
				66E779C6244F0EF100117F12 /* HorizontalSnappingController.swift */,
			);
			path = Controllers;
			sourceTree = "<group>";
		};
		660D36952445D9EA006C9CEF /* Views */ = {
			isa = PBXGroup;
			children = (
				664C06E4244877A400EE5D0E /* Apps */,
				664C06E32448779C00EE5D0E /* Search */,
			);
			path = Views;
			sourceTree = "<group>";
		};
		660D369C24471B18006C9CEF /* Model */ = {
			isa = PBXGroup;
			children = (
				660D726F244A298300F82EFC /* AppsGroup.swift */,
				6689C84C24DADD1300728DB9 /* SearchResult.swift */,
				662E403424DBFFEE00C70C0B /* SocialApp.swift */,
			);
			path = Model;
			sourceTree = "<group>";
		};
		660D369F2447224F006C9CEF /* Service */ = {
			isa = PBXGroup;
			children = (
				660D36A02447226C006C9CEF /* Service.swift */,
				662E403224DBEE2C00C70C0B /* AlamofireNetworkRequest.swift */,
			);
			path = Service;
			sourceTree = "<group>";
		};
		6616D9C92445C33F00CB7C41 = {
			isa = PBXGroup;
			children = (
				6616D9D42445C33F00CB7C41 /* AppStoreJSONApi */,
				6616D9D32445C33F00CB7C41 /* Products */,
				E2901781A5D2CA314D268AEB /* Pods */,
				E3790FF92312B1D7EDB89431 /* Frameworks */,
			);
			sourceTree = "<group>";
		};
		6616D9D32445C33F00CB7C41 /* Products */ = {
			isa = PBXGroup;
			children = (
				6616D9D22445C33F00CB7C41 /* AppStoreJSONApi.app */,
			);
			name = Products;
			sourceTree = "<group>";
		};
		6616D9D42445C33F00CB7C41 /* AppStoreJSONApi */ = {
			isa = PBXGroup;
			children = (
				666F316E24499D100073E2F7 /* Helpers */,
				660D369F2447224F006C9CEF /* Service */,
				660D369C24471B18006C9CEF /* Model */,
				660D36952445D9EA006C9CEF /* Views */,
				660D36922445D23F006C9CEF /* Controllers */,
				662E403624DC27B700C70C0B /* Supporting files */,
				6616D9E32445C34000CB7C41 /* Info.plist */,
			);
			path = AppStoreJSONApi;
			sourceTree = "<group>";
		};
		662E403624DC27B700C70C0B /* Supporting files */ = {
			isa = PBXGroup;
			children = (
				6616D9D52445C33F00CB7C41 /* AppDelegate.swift */,
				6616D9D72445C33F00CB7C41 /* SceneDelegate.swift */,
				6616D9DE2445C34000CB7C41 /* Assets.xcassets */,
				6616D9E02445C34000CB7C41 /* LaunchScreen.storyboard */,
				661B8D72244B459200D4C6F3 /* GoogleSans-Regular.ttf */,
			);
			path = "Supporting files";
			sourceTree = "<group>";
		};
		664C06E22448779000EE5D0E /* Apps */ = {
			isa = PBXGroup;
			children = (
				66EFF76C244F607C0028B008 /* Detail */,
				664C06E52448780700EE5D0E /* AppsPageController.swift */,
				664C06EB244882FE00EE5D0E /* AppsHorizontalController.swift */,
				6689C84E24DADF2D00728DB9 /* AppsHeaderHorizontalController.swift */,
			);
			path = Apps;
			sourceTree = "<group>";
		};
		664C06E32448779C00EE5D0E /* Search */ = {
			isa = PBXGroup;
			children = (
				660D36962445DA18006C9CEF /* SearchResultCell.swift */,
			);
			path = Search;
			sourceTree = "<group>";
		};
		664C06E4244877A400EE5D0E /* Apps */ = {
			isa = PBXGroup;
			children = (
				664C06E924487E5300EE5D0E /* AppsGroupCell.swift */,
				664C06ED2448921B00EE5D0E /* AppsHorizontalCell.swift */,
				664C06EF2448A29500EE5D0E /* AppsPageHeader.swift */,
				664C06F52448ABE300EE5D0E /* AppsHeaderCell.swift */,
			);
			path = Apps;
			sourceTree = "<group>";
		};
		666F316E24499D100073E2F7 /* Helpers */ = {
			isa = PBXGroup;
			children = (
				660D369A2445FEB1006C9CEF /* VerticalStackView.swift */,
				666F316F24499D490073E2F7 /* Extensions.swift */,
			);
			path = Helpers;
			sourceTree = "<group>";
		};
		66C16A5C2448773D00208D55 /* Search */ = {
			isa = PBXGroup;
			children = (
				660D36932445D283006C9CEF /* SearchPageController.swift */,
			);
			path = Search;
			sourceTree = "<group>";
		};
		66EFF76C244F607C0028B008 /* Detail */ = {
			isa = PBXGroup;
			children = (
				66EFF76D244F60D00028B008 /* AppsDetailController.swift */,
			);
			path = Detail;
			sourceTree = "<group>";
		};
		E2901781A5D2CA314D268AEB /* Pods */ = {
			isa = PBXGroup;
			children = (
				AC550B40EA375E4954F7EA32 /* Pods-AppStoreJSONApi.debug.xcconfig */,
				3A80367CB84B4703EB5A1F2B /* Pods-AppStoreJSONApi.release.xcconfig */,
			);
			path = Pods;
			sourceTree = "<group>";
		};
		E3790FF92312B1D7EDB89431 /* Frameworks */ = {
			isa = PBXGroup;
			children = (
				E6F69CC2C3875A9BB1027929 /* Pods_AppStoreJSONApi.framework */,
			);
			name = Frameworks;
			sourceTree = "<group>";
		};
/* End PBXGroup section */

/* Begin PBXNativeTarget section */
		6616D9D12445C33F00CB7C41 /* AppStoreJSONApi */ = {
			isa = PBXNativeTarget;
			buildConfigurationList = 6616D9E62445C34000CB7C41 /* Build configuration list for PBXNativeTarget "AppStoreJSONApi" */;
			buildPhases = (
				47636CC878484341327AA538 /* [CP] Check Pods Manifest.lock */,
				6616D9CE2445C33F00CB7C41 /* Sources */,
				6616D9CF2445C33F00CB7C41 /* Frameworks */,
				6616D9D02445C33F00CB7C41 /* Resources */,
				2E10F779268F019A57784739 /* [CP] Embed Pods Frameworks */,
			);
			buildRules = (
			);
			dependencies = (
			);
			name = AppStoreJSONApi;
			productName = AppStoreJSONApi;
			productReference = 6616D9D22445C33F00CB7C41 /* AppStoreJSONApi.app */;
			productType = "com.apple.product-type.application";
		};
/* End PBXNativeTarget section */

/* Begin PBXProject section */
		6616D9CA2445C33F00CB7C41 /* Project object */ = {
			isa = PBXProject;
			attributes = {
				LastSwiftUpdateCheck = 1140;
				LastUpgradeCheck = 1140;
				ORGANIZATIONNAME = "Макс Гаравський";
				TargetAttributes = {
					6616D9D12445C33F00CB7C41 = {
						CreatedOnToolsVersion = 11.4;
					};
				};
			};
			buildConfigurationList = 6616D9CD2445C33F00CB7C41 /* Build configuration list for PBXProject "AppStoreJSONApi" */;
			compatibilityVersion = "Xcode 9.3";
			developmentRegion = en;
			hasScannedForEncodings = 0;
			knownRegions = (
				en,
				Base,
			);
			mainGroup = 6616D9C92445C33F00CB7C41;
			productRefGroup = 6616D9D32445C33F00CB7C41 /* Products */;
			projectDirPath = "";
			projectRoot = "";
			targets = (
				6616D9D12445C33F00CB7C41 /* AppStoreJSONApi */,
			);
		};
/* End PBXProject section */

/* Begin PBXResourcesBuildPhase section */
		6616D9D02445C33F00CB7C41 /* Resources */ = {
			isa = PBXResourcesBuildPhase;
			buildActionMask = 2147483647;
			files = (
				6616D9E22445C34000CB7C41 /* LaunchScreen.storyboard in Resources */,
				6616D9DF2445C34000CB7C41 /* Assets.xcassets in Resources */,
				661B8D73244B459200D4C6F3 /* GoogleSans-Regular.ttf in Resources */,
			);
			runOnlyForDeploymentPostprocessing = 0;
		};
/* End PBXResourcesBuildPhase section */

/* Begin PBXShellScriptBuildPhase section */
		2E10F779268F019A57784739 /* [CP] Embed Pods Frameworks */ = {
			isa = PBXShellScriptBuildPhase;
			buildActionMask = 2147483647;
			files = (
			);
			inputFileListPaths = (
				"${PODS_ROOT}/Target Support Files/Pods-AppStoreJSONApi/Pods-AppStoreJSONApi-frameworks-${CONFIGURATION}-input-files.xcfilelist",
			);
			name = "[CP] Embed Pods Frameworks";
			outputFileListPaths = (
				"${PODS_ROOT}/Target Support Files/Pods-AppStoreJSONApi/Pods-AppStoreJSONApi-frameworks-${CONFIGURATION}-output-files.xcfilelist",
			);
			runOnlyForDeploymentPostprocessing = 0;
			shellPath = /bin/sh;
			shellScript = "\"${PODS_ROOT}/Target Support Files/Pods-AppStoreJSONApi/Pods-AppStoreJSONApi-frameworks.sh\"\n";
			showEnvVarsInLog = 0;
		};
		47636CC878484341327AA538 /* [CP] Check Pods Manifest.lock */ = {
			isa = PBXShellScriptBuildPhase;
			buildActionMask = 2147483647;
			files = (
			);
			inputFileListPaths = (
			);
			inputPaths = (
				"${PODS_PODFILE_DIR_PATH}/Podfile.lock",
				"${PODS_ROOT}/Manifest.lock",
			);
			name = "[CP] Check Pods Manifest.lock";
			outputFileListPaths = (
			);
			outputPaths = (
				"$(DERIVED_FILE_DIR)/Pods-AppStoreJSONApi-checkManifestLockResult.txt",
			);
			runOnlyForDeploymentPostprocessing = 0;
			shellPath = /bin/sh;
			shellScript = "diff \"${PODS_PODFILE_DIR_PATH}/Podfile.lock\" \"${PODS_ROOT}/Manifest.lock\" > /dev/null\nif [ $? != 0 ] ; then\n    # print error to STDERR\n    echo \"error: The sandbox is not in sync with the Podfile.lock. Run 'pod install' or update your CocoaPods installation.\" >&2\n    exit 1\nfi\n# This output is used by Xcode 'outputs' to avoid re-running this script phase.\necho \"SUCCESS\" > \"${SCRIPT_OUTPUT_FILE_0}\"\n";
			showEnvVarsInLog = 0;
		};
/* End PBXShellScriptBuildPhase section */

/* Begin PBXSourcesBuildPhase section */
		6616D9CE2445C33F00CB7C41 /* Sources */ = {
			isa = PBXSourcesBuildPhase;
			buildActionMask = 2147483647;
			files = (
				662E403524DBFFEE00C70C0B /* SocialApp.swift in Sources */,
				6616D9EA2445C3B400CB7C41 /* BaseTabBarController.swift in Sources */,
				666F317024499D490073E2F7 /* Extensions.swift in Sources */,
				6689C84D24DADD1300728DB9 /* SearchResult.swift in Sources */,
				6689C84F24DADF2D00728DB9 /* AppsHeaderHorizontalController.swift in Sources */,
				664C06F02448A29500EE5D0E /* AppsPageHeader.swift in Sources */,
				664C06E62448780700EE5D0E /* AppsPageController.swift in Sources */,
				6616D9D62445C33F00CB7C41 /* AppDelegate.swift in Sources */,
				664C06EE2448921B00EE5D0E /* AppsHorizontalCell.swift in Sources */,
				660D36942445D283006C9CEF /* SearchPageController.swift in Sources */,
				660D7270244A298300F82EFC /* AppsGroup.swift in Sources */,
				66EFF76E244F60D00028B008 /* AppsDetailController.swift in Sources */,
				664C06EA24487E5300EE5D0E /* AppsGroupCell.swift in Sources */,
				664C06F62448ABE300EE5D0E /* AppsHeaderCell.swift in Sources */,
				660D36A12447226C006C9CEF /* Service.swift in Sources */,
				660D36972445DA18006C9CEF /* SearchResultCell.swift in Sources */,
				66E779C7244F0EF100117F12 /* HorizontalSnappingController.swift in Sources */,
				6616D9D82445C33F00CB7C41 /* SceneDelegate.swift in Sources */,
				664C06EC244882FE00EE5D0E /* AppsHorizontalController.swift in Sources */,
				660D369B2445FEB1006C9CEF /* VerticalStackView.swift in Sources */,
				662E403324DBEE2C00C70C0B /* AlamofireNetworkRequest.swift in Sources */,
			);
			runOnlyForDeploymentPostprocessing = 0;
		};
/* End PBXSourcesBuildPhase section */

/* Begin PBXVariantGroup section */
		6616D9E02445C34000CB7C41 /* LaunchScreen.storyboard */ = {
			isa = PBXVariantGroup;
			children = (
				6616D9E12445C34000CB7C41 /* Base */,
			);
			name = LaunchScreen.storyboard;
			sourceTree = "<group>";
		};
/* End PBXVariantGroup section */

/* Begin XCBuildConfiguration section */
		6616D9E42445C34000CB7C41 /* Debug */ = {
			isa = XCBuildConfiguration;
			buildSettings = {
				ALWAYS_SEARCH_USER_PATHS = NO;
				CLANG_ANALYZER_NONNULL = YES;
				CLANG_ANALYZER_NUMBER_OBJECT_CONVERSION = YES_AGGRESSIVE;
				CLANG_CXX_LANGUAGE_STANDARD = "gnu++14";
				CLANG_CXX_LIBRARY = "libc++";
				CLANG_ENABLE_MODULES = YES;
				CLANG_ENABLE_OBJC_ARC = YES;
				CLANG_ENABLE_OBJC_WEAK = YES;
				CLANG_WARN_BLOCK_CAPTURE_AUTORELEASING = YES;
				CLANG_WARN_BOOL_CONVERSION = YES;
				CLANG_WARN_COMMA = YES;
				CLANG_WARN_CONSTANT_CONVERSION = YES;
				CLANG_WARN_DEPRECATED_OBJC_IMPLEMENTATIONS = YES;
				CLANG_WARN_DIRECT_OBJC_ISA_USAGE = YES_ERROR;
				CLANG_WARN_DOCUMENTATION_COMMENTS = YES;
				CLANG_WARN_EMPTY_BODY = YES;
				CLANG_WARN_ENUM_CONVERSION = YES;
				CLANG_WARN_INFINITE_RECURSION = YES;
				CLANG_WARN_INT_CONVERSION = YES;
				CLANG_WARN_NON_LITERAL_NULL_CONVERSION = YES;
				CLANG_WARN_OBJC_IMPLICIT_RETAIN_SELF = YES;
				CLANG_WARN_OBJC_LITERAL_CONVERSION = YES;
				CLANG_WARN_OBJC_ROOT_CLASS = YES_ERROR;
				CLANG_WARN_RANGE_LOOP_ANALYSIS = YES;
				CLANG_WARN_STRICT_PROTOTYPES = YES;
				CLANG_WARN_SUSPICIOUS_MOVE = YES;
				CLANG_WARN_UNGUARDED_AVAILABILITY = YES_AGGRESSIVE;
				CLANG_WARN_UNREACHABLE_CODE = YES;
				CLANG_WARN__DUPLICATE_METHOD_MATCH = YES;
				COPY_PHASE_STRIP = NO;
				DEBUG_INFORMATION_FORMAT = dwarf;
				ENABLE_STRICT_OBJC_MSGSEND = YES;
				ENABLE_TESTABILITY = YES;
				GCC_C_LANGUAGE_STANDARD = gnu11;
				GCC_DYNAMIC_NO_PIC = NO;
				GCC_NO_COMMON_BLOCKS = YES;
				GCC_OPTIMIZATION_LEVEL = 0;
				GCC_PREPROCESSOR_DEFINITIONS = (
					"DEBUG=1",
					"$(inherited)",
				);
				GCC_WARN_64_TO_32_BIT_CONVERSION = YES;
				GCC_WARN_ABOUT_RETURN_TYPE = YES_ERROR;
				GCC_WARN_UNDECLARED_SELECTOR = YES;
				GCC_WARN_UNINITIALIZED_AUTOS = YES_AGGRESSIVE;
				GCC_WARN_UNUSED_FUNCTION = YES;
				GCC_WARN_UNUSED_VARIABLE = YES;
				IPHONEOS_DEPLOYMENT_TARGET = 13.4;
				MTL_ENABLE_DEBUG_INFO = INCLUDE_SOURCE;
				MTL_FAST_MATH = YES;
				ONLY_ACTIVE_ARCH = YES;
				SDKROOT = iphoneos;
				SWIFT_ACTIVE_COMPILATION_CONDITIONS = DEBUG;
				SWIFT_OPTIMIZATION_LEVEL = "-Onone";
			};
			name = Debug;
		};
		6616D9E52445C34000CB7C41 /* Release */ = {
			isa = XCBuildConfiguration;
			buildSettings = {
				ALWAYS_SEARCH_USER_PATHS = NO;
				CLANG_ANALYZER_NONNULL = YES;
				CLANG_ANALYZER_NUMBER_OBJECT_CONVERSION = YES_AGGRESSIVE;
				CLANG_CXX_LANGUAGE_STANDARD = "gnu++14";
				CLANG_CXX_LIBRARY = "libc++";
				CLANG_ENABLE_MODULES = YES;
				CLANG_ENABLE_OBJC_ARC = YES;
				CLANG_ENABLE_OBJC_WEAK = YES;
				CLANG_WARN_BLOCK_CAPTURE_AUTORELEASING = YES;
				CLANG_WARN_BOOL_CONVERSION = YES;
				CLANG_WARN_COMMA = YES;
				CLANG_WARN_CONSTANT_CONVERSION = YES;
				CLANG_WARN_DEPRECATED_OBJC_IMPLEMENTATIONS = YES;
				CLANG_WARN_DIRECT_OBJC_ISA_USAGE = YES_ERROR;
				CLANG_WARN_DOCUMENTATION_COMMENTS = YES;
				CLANG_WARN_EMPTY_BODY = YES;
				CLANG_WARN_ENUM_CONVERSION = YES;
				CLANG_WARN_INFINITE_RECURSION = YES;
				CLANG_WARN_INT_CONVERSION = YES;
				CLANG_WARN_NON_LITERAL_NULL_CONVERSION = YES;
				CLANG_WARN_OBJC_IMPLICIT_RETAIN_SELF = YES;
				CLANG_WARN_OBJC_LITERAL_CONVERSION = YES;
				CLANG_WARN_OBJC_ROOT_CLASS = YES_ERROR;
				CLANG_WARN_RANGE_LOOP_ANALYSIS = YES;
				CLANG_WARN_STRICT_PROTOTYPES = YES;
				CLANG_WARN_SUSPICIOUS_MOVE = YES;
				CLANG_WARN_UNGUARDED_AVAILABILITY = YES_AGGRESSIVE;
				CLANG_WARN_UNREACHABLE_CODE = YES;
				CLANG_WARN__DUPLICATE_METHOD_MATCH = YES;
				COPY_PHASE_STRIP = NO;
				DEBUG_INFORMATION_FORMAT = "dwarf-with-dsym";
				ENABLE_NS_ASSERTIONS = NO;
				ENABLE_STRICT_OBJC_MSGSEND = YES;
				GCC_C_LANGUAGE_STANDARD = gnu11;
				GCC_NO_COMMON_BLOCKS = YES;
				GCC_WARN_64_TO_32_BIT_CONVERSION = YES;
				GCC_WARN_ABOUT_RETURN_TYPE = YES_ERROR;
				GCC_WARN_UNDECLARED_SELECTOR = YES;
				GCC_WARN_UNINITIALIZED_AUTOS = YES_AGGRESSIVE;
				GCC_WARN_UNUSED_FUNCTION = YES;
				GCC_WARN_UNUSED_VARIABLE = YES;
				IPHONEOS_DEPLOYMENT_TARGET = 13.4;
				MTL_ENABLE_DEBUG_INFO = NO;
				MTL_FAST_MATH = YES;
				SDKROOT = iphoneos;
				SWIFT_COMPILATION_MODE = wholemodule;
				SWIFT_OPTIMIZATION_LEVEL = "-O";
				VALIDATE_PRODUCT = YES;
			};
			name = Release;
		};
		6616D9E72445C34000CB7C41 /* Debug */ = {
			isa = XCBuildConfiguration;
			baseConfigurationReference = AC550B40EA375E4954F7EA32 /* Pods-AppStoreJSONApi.debug.xcconfig */;
			buildSettings = {
				ASSETCATALOG_COMPILER_APPICON_NAME = AppIcon;
				CODE_SIGN_STYLE = Automatic;
				INFOPLIST_FILE = AppStoreJSONApi/Info.plist;
				LD_RUNPATH_SEARCH_PATHS = (
					"$(inherited)",
					"@executable_path/Frameworks",
				);
				PRODUCT_BUNDLE_IDENTIFIER = maxharavskyy.AppStoreJSONApi;
				PRODUCT_NAME = "$(TARGET_NAME)";
				SWIFT_VERSION = 5.0;
				TARGETED_DEVICE_FAMILY = "1,2";
			};
			name = Debug;
		};
		6616D9E82445C34000CB7C41 /* Release */ = {
			isa = XCBuildConfiguration;
			baseConfigurationReference = 3A80367CB84B4703EB5A1F2B /* Pods-AppStoreJSONApi.release.xcconfig */;
			buildSettings = {
				ASSETCATALOG_COMPILER_APPICON_NAME = AppIcon;
				CODE_SIGN_STYLE = Automatic;
				INFOPLIST_FILE = AppStoreJSONApi/Info.plist;
				LD_RUNPATH_SEARCH_PATHS = (
					"$(inherited)",
					"@executable_path/Frameworks",
				);
				PRODUCT_BUNDLE_IDENTIFIER = maxharavskyy.AppStoreJSONApi;
				PRODUCT_NAME = "$(TARGET_NAME)";
				SWIFT_VERSION = 5.0;
				TARGETED_DEVICE_FAMILY = "1,2";
			};
			name = Release;
		};
/* End XCBuildConfiguration section */

/* Begin XCConfigurationList section */
		6616D9CD2445C33F00CB7C41 /* Build configuration list for PBXProject "AppStoreJSONApi" */ = {
			isa = XCConfigurationList;
			buildConfigurations = (
				6616D9E42445C34000CB7C41 /* Debug */,
				6616D9E52445C34000CB7C41 /* Release */,
			);
			defaultConfigurationIsVisible = 0;
			defaultConfigurationName = Release;
		};
		6616D9E62445C34000CB7C41 /* Build configuration list for PBXNativeTarget "AppStoreJSONApi" */ = {
			isa = XCConfigurationList;
			buildConfigurations = (
				6616D9E72445C34000CB7C41 /* Debug */,
				6616D9E82445C34000CB7C41 /* Release */,
			);
			defaultConfigurationIsVisible = 0;
			defaultConfigurationName = Release;
		};
/* End XCConfigurationList section */
	};
	rootObject = 6616D9CA2445C33F00CB7C41 /* Project object */;
}
